// !$*UTF8*$!
{
	archiveVersion = 1;
	classes = {
	};
	objectVersion = 46;
	objects = {

/* Begin PBXBuildFile section */
		D37F1AAB1CB3BE680008F573 /* AppDelegate.swift in Sources */ = {isa = PBXBuildFile; fileRef = D37F1AAA1CB3BE680008F573 /* AppDelegate.swift */; };
		D37F1AAD1CB3BE680008F573 /* ViewController.swift in Sources */ = {isa = PBXBuildFile; fileRef = D37F1AAC1CB3BE680008F573 /* ViewController.swift */; };
		D37F1AB01CB3BE680008F573 /* Main.storyboard in Resources */ = {isa = PBXBuildFile; fileRef = D37F1AAE1CB3BE680008F573 /* Main.storyboard */; };
		D37F1AB21CB3BE680008F573 /* Assets.xcassets in Resources */ = {isa = PBXBuildFile; fileRef = D37F1AB11CB3BE680008F573 /* Assets.xcassets */; };
		D37F1AB51CB3BE680008F573 /* LaunchScreen.storyboard in Resources */ = {isa = PBXBuildFile; fileRef = D37F1AB31CB3BE680008F573 /* LaunchScreen.storyboard */; };
		D37F1AC01CB3BE680008F573 /* exerciseTests.swift in Sources */ = {isa = PBXBuildFile; fileRef = D37F1ABF1CB3BE680008F573 /* exerciseTests.swift */; };
/* End PBXBuildFile section */

/* Begin PBXContainerItemProxy section */
		D37F1ABC1CB3BE680008F573 /* PBXContainerItemProxy */ = {
			isa = PBXContainerItemProxy;
			containerPortal = D37F1A9F1CB3BE680008F573 /* Project object */;
			proxyType = 1;
			remoteGlobalIDString = D37F1AA61CB3BE680008F573;
			remoteInfo = exercise;
		};
/* End PBXContainerItemProxy section */

/* Begin PBXFileReference section */
		D37F1AA71CB3BE680008F573 /* exercise.app */ = {isa = PBXFileReference; explicitFileType = wrapper.application; includeInIndex = 0; path = exercise.app; sourceTree = BUILT_PRODUCTS_DIR; };
		D37F1AAA1CB3BE680008F573 /* AppDelegate.swift */ = {isa = PBXFileReference; lastKnownFileType = sourcecode.swift; path = AppDelegate.swift; sourceTree = "<group>"; };
		D37F1AAC1CB3BE680008F573 /* ViewController.swift */ = {isa = PBXFileReference; lastKnownFileType = sourcecode.swift; path = ViewController.swift; sourceTree = "<group>"; };
		D37F1AAF1CB3BE680008F573 /* Base */ = {isa = PBXFileReference; lastKnownFileType = file.storyboard; name = Base; path = Base.lproj/Main.storyboard; sourceTree = "<group>"; };
		D37F1AB11CB3BE680008F573 /* Assets.xcassets */ = {isa = PBXFileReference; lastKnownFileType = folder.assetcatalog; path = Assets.xcassets; sourceTree = "<group>"; };
		D37F1AB41CB3BE680008F573 /* Base */ = {isa = PBXFileReference; lastKnownFileType = file.storyboard; name = Base; path = Base.lproj/LaunchScreen.storyboard; sourceTree = "<group>"; };
		D37F1AB61CB3BE680008F573 /* Info.plist */ = {isa = PBXFileReference; lastKnownFileType = text.plist.xml; path = Info.plist; sourceTree = "<group>"; };
		D37F1ABB1CB3BE680008F573 /* exerciseTests.xctest */ = {isa = PBXFileReference; explicitFileType = wrapper.cfbundle; includeInIndex = 0; path = exerciseTests.xctest; sourceTree = BUILT_PRODUCTS_DIR; };
		D37F1ABF1CB3BE680008F573 /* exerciseTests.swift */ = {isa = PBXFileReference; lastKnownFileType = sourcecode.swift; path = exerciseTests.swift; sourceTree = "<group>"; };
		D37F1AC11CB3BE680008F573 /* Info.plist */ = {isa = PBXFileReference; lastKnownFileType = text.plist.xml; path = Info.plist; sourceTree = "<group>"; };
/* End PBXFileReference section */

/* Begin PBXFrameworksBuildPhase section */
		D37F1AA41CB3BE680008F573 /* Frameworks */ = {
			isa = PBXFrameworksBuildPhase;
			buildActionMask = 2147483647;
			files = (
			);
			runOnlyForDeploymentPostprocessing = 0;
		};
		D37F1AB81CB3BE680008F573 /* Frameworks */ = {
			isa = PBXFrameworksBuildPhase;
			buildActionMask = 2147483647;
			files = (
			);
			runOnlyForDeploymentPostprocessing = 0;
		};
/* End PBXFrameworksBuildPhase section */

/* Begin PBXGroup section */
		D37F1A9E1CB3BE680008F573 = {
			isa = PBXGroup;
			children = (
				D37F1AA91CB3BE680008F573 /* exercise */,
				D37F1ABE1CB3BE680008F573 /* exerciseTests */,
				D37F1AA81CB3BE680008F573 /* Products */,
			);
			sourceTree = "<group>";
		};
		D37F1AA81CB3BE680008F573 /* Products */ = {
			isa = PBXGroup;
			children = (
				D37F1AA71CB3BE680008F573 /* exercise.app */,
				D37F1ABB1CB3BE680008F573 /* exerciseTests.xctest */,
			);
			name = Products;
			sourceTree = "<group>";
		};
		D37F1AA91CB3BE680008F573 /* exercise */ = {
			isa = PBXGroup;
			children = (
				D37F1AAA1CB3BE680008F573 /* AppDelegate.swift */,
				D37F1AAC1CB3BE680008F573 /* ViewController.swift */,
				D37F1AAE1CB3BE680008F573 /* Main.storyboard */,
				D37F1AB11CB3BE680008F573 /* Assets.xcassets */,
				D37F1AB31CB3BE680008F573 /* LaunchScreen.storyboard */,
				D37F1AB61CB3BE680008F573 /* Info.plist */,
			);
			path = exercise;
			sourceTree = "<group>";
		};
		D37F1ABE1CB3BE680008F573 /* exerciseTests */ = {
			isa = PBXGroup;
			children = (
				D37F1ABF1CB3BE680008F573 /* exerciseTests.swift */,
				D37F1AC11CB3BE680008F573 /* Info.plist */,
			);
			path = exerciseTests;
			sourceTree = "<group>";
		};
/* End PBXGroup section */

/* Begin PBXNativeTarget section */
		D37F1AA61CB3BE680008F573 /* exercise */ = {
			isa = PBXNativeTarget;
			buildConfigurationList = D37F1AC41CB3BE680008F573 /* Build configuration list for PBXNativeTarget "exercise" */;
			buildPhases = (
				D37F1AA31CB3BE680008F573 /* Sources */,
				D37F1AA41CB3BE680008F573 /* Frameworks */,
				D37F1AA51CB3BE680008F573 /* Resources */,
			);
			buildRules = (
			);
			dependencies = (
			);
			name = exercise;
			productName = exercise;
			productReference = D37F1AA71CB3BE680008F573 /* exercise.app */;
			productType = "com.apple.product-type.application";
		};
		D37F1ABA1CB3BE680008F573 /* exerciseTests */ = {
			isa = PBXNativeTarget;
			buildConfigurationList = D37F1AC71CB3BE680008F573 /* Build configuration list for PBXNativeTarget "exerciseTests" */;
			buildPhases = (
				D37F1AB71CB3BE680008F573 /* Sources */,
				D37F1AB81CB3BE680008F573 /* Frameworks */,
				D37F1AB91CB3BE680008F573 /* Resources */,
			);
			buildRules = (
			);
			dependencies = (
				D37F1ABD1CB3BE680008F573 /* PBXTargetDependency */,
			);
			name = exerciseTests;
			productName = exerciseTests;
			productReference = D37F1ABB1CB3BE680008F573 /* exerciseTests.xctest */;
			productType = "com.apple.product-type.bundle.unit-test";
		};
/* End PBXNativeTarget section */

/* Begin PBXProject section */
		D37F1A9F1CB3BE680008F573 /* Project object */ = {
			isa = PBXProject;
			attributes = {
				LastSwiftUpdateCheck = 0720;
				LastUpgradeCheck = 0720;
				ORGANIZATIONNAME = mosaikapp;
				TargetAttributes = {
					D37F1AA61CB3BE680008F573 = {
						CreatedOnToolsVersion = 7.2.1;
					};
					D37F1ABA1CB3BE680008F573 = {
						CreatedOnToolsVersion = 7.2.1;
						TestTargetID = D37F1AA61CB3BE680008F573;
					};
				};
			};
			buildConfigurationList = D37F1AA21CB3BE680008F573 /* Build configuration list for PBXProject "exercise" */;
			compatibilityVersion = "Xcode 3.2";
			developmentRegion = English;
			hasScannedForEncodings = 0;
			knownRegions = (
				en,
				Base,
			);
			mainGroup = D37F1A9E1CB3BE680008F573;
			productRefGroup = D37F1AA81CB3BE680008F573 /* Products */;
			projectDirPath = "";
			projectRoot = "";
			targets = (
				D37F1AA61CB3BE680008F573 /* exercise */,
				D37F1ABA1CB3BE680008F573 /* exerciseTests */,
			);
		};
/* End PBXProject section */

/* Begin PBXResourcesBuildPhase section */
		D37F1AA51CB3BE680008F573 /* Resources */ = {
			isa = PBXResourcesBuildPhase;
			buildActionMask = 2147483647;
			files = (
				D37F1AB51CB3BE680008F573 /* LaunchScreen.storyboard in Resources */,
				D37F1AB21CB3BE680008F573 /* Assets.xcassets in Resources */,
				D37F1AB01CB3BE680008F573 /* Main.storyboard in Resources */,
			);
			runOnlyForDeploymentPostprocessing = 0;
		};
		D37F1AB91CB3BE680008F573 /* Resources */ = {
			isa = PBXResourcesBuildPhase;
			buildActionMask = 2147483647;
			files = (
			);
			runOnlyForDeploymentPostprocessing = 0;
		};
/* End PBXResourcesBuildPhase section */

/* Begin PBXSourcesBuildPhase section */
		D37F1AA31CB3BE680008F573 /* Sources */ = {
			isa = PBXSourcesBuildPhase;
			buildActionMask = 2147483647;
			files = (
				D37F1AAD1CB3BE680008F573 /* ViewController.swift in Sources */,
				D37F1AAB1CB3BE680008F573 /* AppDelegate.swift in Sources */,
			);
			runOnlyForDeploymentPostprocessing = 0;
		};
		D37F1AB71CB3BE680008F573 /* Sources */ = {
			isa = PBXSourcesBuildPhase;
			buildActionMask = 2147483647;
			files = (
				D37F1AC01CB3BE680008F573 /* exerciseTests.swift in Sources */,
			);
			runOnlyForDeploymentPostprocessing = 0;
		};
/* End PBXSourcesBuildPhase section */

/* Begin PBXTargetDependency section */
		D37F1ABD1CB3BE680008F573 /* PBXTargetDependency */ = {
			isa = PBXTargetDependency;
			target = D37F1AA61CB3BE680008F573 /* exercise */;
			targetProxy = D37F1ABC1CB3BE680008F573 /* PBXContainerItemProxy */;
		};
/* End PBXTargetDependency section */

/* Begin PBXVariantGroup section */
		D37F1AAE1CB3BE680008F573 /* Main.storyboard */ = {
			isa = PBXVariantGroup;
			children = (
				D37F1AAF1CB3BE680008F573 /* Base */,
			);
			name = Main.storyboard;
			sourceTree = "<group>";
		};
		D37F1AB31CB3BE680008F573 /* LaunchScreen.storyboard */ = {
			isa = PBXVariantGroup;
			children = (
				D37F1AB41CB3BE680008F573 /* Base */,
			);
			name = LaunchScreen.storyboard;
			sourceTree = "<group>";
		};
/* End PBXVariantGroup section */

/* Begin XCBuildConfiguration section */
		D37F1AC21CB3BE680008F573 /* Debug */ = {
			isa = XCBuildConfiguration;
			buildSettings = {
				ALWAYS_SEARCH_USER_PATHS = NO;
				CLANG_CXX_LANGUAGE_STANDARD = "gnu++0x";
				CLANG_CXX_LIBRARY = "libc++";
				CLANG_ENABLE_MODULES = YES;
				CLANG_ENABLE_OBJC_ARC = YES;
				CLANG_WARN_BOOL_CONVERSION = YES;
				CLANG_WARN_CONSTANT_CONVERSION = YES;
				CLANG_WARN_DIRECT_OBJC_ISA_USAGE = YES_ERROR;
				CLANG_WARN_EMPTY_BODY = YES;
				CLANG_WARN_ENUM_CONVERSION = YES;
				CLANG_WARN_INT_CONVERSION = YES;
				CLANG_WARN_OBJC_ROOT_CLASS = YES_ERROR;
				CLANG_WARN_UNREACHABLE_CODE = YES;
				CLANG_WARN__DUPLICATE_METHOD_MATCH = YES;
				"CODE_SIGN_IDENTITY[sdk=iphoneos*]" = "iPhone Developer";
				COPY_PHASE_STRIP = NO;
				DEBUG_INFORMATION_FORMAT = dwarf;
				ENABLE_STRICT_OBJC_MSGSEND = YES;
				ENABLE_TESTABILITY = YES;
				GCC_C_LANGUAGE_STANDARD = gnu99;
				GCC_DYNAMIC_NO_PIC = NO;
				GCC_NO_COMMON_BLOCKS = YES;
				GCC_OPTIMIZATION_LEVEL = 0;
				GCC_PREPROCESSOR_DEFINITIONS = (
					"DEBUG=1",
					"$(inherited)",
				);
				GCC_WARN_64_TO_32_BIT_CONVERSION = YES;
				GCC_WARN_ABOUT_RETURN_TYPE = YES_ERROR;
				GCC_WARN_UNDECLARED_SELECTOR = YES;
				GCC_WARN_UNINITIALIZED_AUTOS = YES_AGGRESSIVE;
				GCC_WARN_UNUSED_FUNCTION = YES;
				GCC_WARN_UNUSED_VARIABLE = YES;
				IPHONEOS_DEPLOYMENT_TARGET = 9.2;
				MTL_ENABLE_DEBUG_INFO = YES;
				ONLY_ACTIVE_ARCH = YES;
				SDKROOT = iphoneos;
				SWIFT_OPTIMIZATION_LEVEL = "-Onone";
				TARGETED_DEVICE_FAMILY = "1,2";
			};
			name = Debug;
		};
		D37F1AC31CB3BE680008F573 /* Release */ = {
			isa = XCBuildConfiguration;
			buildSettings = {
				ALWAYS_SEARCH_USER_PATHS = NO;
				CLANG_CXX_LANGUAGE_STANDARD = "gnu++0x";
				CLANG_CXX_LIBRARY = "libc++";
				CLANG_ENABLE_MODULES = YES;
				CLANG_ENABLE_OBJC_ARC = YES;
				CLANG_WARN_BOOL_CONVERSION = YES;
				CLANG_WARN_CONSTANT_CONVERSION = YES;
				CLANG_WARN_DIRECT_OBJC_ISA_USAGE = YES_ERROR;
				CLANG_WARN_EMPTY_BODY = YES;
				CLANG_WARN_ENUM_CONVERSION = YES;
				CLANG_WARN_INT_CONVERSION = YES;
				CLANG_WARN_OBJC_ROOT_CLASS = YES_ERROR;
				CLANG_WARN_UNREACHABLE_CODE = YES;
				CLANG_WARN__DUPLICATE_METHOD_MATCH = YES;
				"CODE_SIGN_IDENTITY[sdk=iphoneos*]" = "iPhone Developer";
				COPY_PHASE_STRIP = NO;
				DEBUG_INFORMATION_FORMAT = "dwarf-with-dsym";
				ENABLE_NS_ASSERTIONS = NO;
				ENABLE_STRICT_OBJC_MSGSEND = YES;
				GCC_C_LANGUAGE_STANDARD = gnu99;
				GCC_NO_COMMON_BLOCKS = YES;
				GCC_WARN_64_TO_32_BIT_CONVERSION = YES;
				GCC_WARN_ABOUT_RETURN_TYPE = YES_ERROR;
				GCC_WARN_UNDECLARED_SELECTOR = YES;
				GCC_WARN_UNINITIALIZED_AUTOS = YES_AGGRESSIVE;
				GCC_WARN_UNUSED_FUNCTION = YES;
				GCC_WARN_UNUSED_VARIABLE = YES;
				IPHONEOS_DEPLOYMENT_TARGET = 9.2;
				MTL_ENABLE_DEBUG_INFO = NO;
				SDKROOT = iphoneos;
				TARGETED_DEVICE_FAMILY = "1,2";
				VALIDATE_PRODUCT = YES;
			};
			name = Release;
		};
		D37F1AC51CB3BE680008F573 /* Debug */ = {
			isa = XCBuildConfiguration;
			buildSettings = {
				ASSETCATALOG_COMPILER_APPICON_NAME = AppIcon;
				INFOPLIST_FILE = exercise/Info.plist;
				LD_RUNPATH_SEARCH_PATHS = "$(inherited) @executable_path/Frameworks";
				PRODUCT_BUNDLE_IDENTIFIER = com.mosaikapp.exercise;
				PRODUCT_NAME = "$(TARGET_NAME)";
			};
			name = Debug;
		};
		D37F1AC61CB3BE680008F573 /* Release */ = {
			isa = XCBuildConfiguration;
			buildSettings = {
				ASSETCATALOG_COMPILER_APPICON_NAME = AppIcon;
				INFOPLIST_FILE = exercise/Info.plist;
				LD_RUNPATH_SEARCH_PATHS = "$(inherited) @executable_path/Frameworks";
				PRODUCT_BUNDLE_IDENTIFIER = com.mosaikapp.exercise;
				PRODUCT_NAME = "$(TARGET_NAME)";
			};
			name = Release;
		};
		D37F1AC81CB3BE680008F573 /* Debug */ = {
			isa = XCBuildConfiguration;
			buildSettings = {
				BUNDLE_LOADER = "$(TEST_HOST)";
				INFOPLIST_FILE = exerciseTests/Info.plist;
				LD_RUNPATH_SEARCH_PATHS = "$(inherited) @executable_path/Frameworks @loader_path/Frameworks";
				PRODUCT_BUNDLE_IDENTIFIER = com.mosaikapp.exerciseTests;
				PRODUCT_NAME = "$(TARGET_NAME)";
				TEST_HOST = "$(BUILT_PRODUCTS_DIR)/exercise.app/exercise";
			};
			name = Debug;
		};
		D37F1AC91CB3BE680008F573 /* Release */ = {
			isa = XCBuildConfiguration;
			buildSettings = {
				BUNDLE_LOADER = "$(TEST_HOST)";
				INFOPLIST_FILE = exerciseTests/Info.plist;
				LD_RUNPATH_SEARCH_PATHS = "$(inherited) @executable_path/Frameworks @loader_path/Frameworks";
				PRODUCT_BUNDLE_IDENTIFIER = com.mosaikapp.exerciseTests;
				PRODUCT_NAME = "$(TARGET_NAME)";
				TEST_HOST = "$(BUILT_PRODUCTS_DIR)/exercise.app/exercise";
			};
			name = Release;
		};
/* End XCBuildConfiguration section */

/* Begin XCConfigurationList section */
		D37F1AA21CB3BE680008F573 /* Build configuration list for PBXProject "exercise" */ = {
			isa = XCConfigurationList;
			buildConfigurations = (
				D37F1AC21CB3BE680008F573 /* Debug */,
				D37F1AC31CB3BE680008F573 /* Release */,
			);
			defaultConfigurationIsVisible = 0;
			defaultConfigurationName = Release;
		};
		D37F1AC41CB3BE680008F573 /* Build configuration list for PBXNativeTarget "exercise" */ = {
			isa = XCConfigurationList;
			buildConfigurations = (
				D37F1AC51CB3BE680008F573 /* Debug */,
				D37F1AC61CB3BE680008F573 /* Release */,
			);
			defaultConfigurationIsVisible = 0;
		};
		D37F1AC71CB3BE680008F573 /* Build configuration list for PBXNativeTarget "exerciseTests" */ = {
			isa = XCConfigurationList;
			buildConfigurations = (
				D37F1AC81CB3BE680008F573 /* Debug */,
				D37F1AC91CB3BE680008F573 /* Release */,
			);
			defaultConfigurationIsVisible = 0;
		};
/* End XCConfigurationList section */
	};
	rootObject = D37F1A9F1CB3BE680008F573 /* Project object */;
}
